// !$*UTF8*$!
{
	archiveVersion = 1;
	classes = {
	};
	objectVersion = 55;
	objects = {

/* Begin PBXBuildFile section */
		5647482B28B1ACD600757F3C /* CellModel.swift in Sources */ = {isa = PBXBuildFile; fileRef = 5647482A28B1ACD600757F3C /* CellModel.swift */; };
		564C878E28B1B6D7006D5682 /* NewsCell.swift in Sources */ = {isa = PBXBuildFile; fileRef = 564C878D28B1B6D7006D5682 /* NewsCell.swift */; };
		564E868B28AA471800F3362E /* NewsManager.swift in Sources */ = {isa = PBXBuildFile; fileRef = 564E868A28AA471800F3362E /* NewsManager.swift */; };
		564E869428B0314700F3362E /* NewsData.swift in Sources */ = {isa = PBXBuildFile; fileRef = 564E869328B0314700F3362E /* NewsData.swift */; };
		56FCE20728A2DDFC008866E8 /* AppDelegate.swift in Sources */ = {isa = PBXBuildFile; fileRef = 56FCE20628A2DDFC008866E8 /* AppDelegate.swift */; };
		56FCE20928A2DDFC008866E8 /* SceneDelegate.swift in Sources */ = {isa = PBXBuildFile; fileRef = 56FCE20828A2DDFC008866E8 /* SceneDelegate.swift */; };
		56FCE20B28A2DDFC008866E8 /* ViewController.swift in Sources */ = {isa = PBXBuildFile; fileRef = 56FCE20A28A2DDFC008866E8 /* ViewController.swift */; };
		56FCE20E28A2DDFC008866E8 /* Main.storyboard in Resources */ = {isa = PBXBuildFile; fileRef = 56FCE20C28A2DDFC008866E8 /* Main.storyboard */; };
		56FCE21028A2DDFE008866E8 /* Assets.xcassets in Resources */ = {isa = PBXBuildFile; fileRef = 56FCE20F28A2DDFE008866E8 /* Assets.xcassets */; };
		56FCE21328A2DDFE008866E8 /* LaunchScreen.storyboard in Resources */ = {isa = PBXBuildFile; fileRef = 56FCE21128A2DDFE008866E8 /* LaunchScreen.storyboard */; };
/* End PBXBuildFile section */

/* Begin PBXFileReference section */
		5647482A28B1ACD600757F3C /* CellModel.swift */ = {isa = PBXFileReference; lastKnownFileType = sourcecode.swift; path = CellModel.swift; sourceTree = "<group>"; };
		564C878D28B1B6D7006D5682 /* NewsCell.swift */ = {isa = PBXFileReference; lastKnownFileType = sourcecode.swift; path = NewsCell.swift; sourceTree = "<group>"; };
		564E868A28AA471800F3362E /* NewsManager.swift */ = {isa = PBXFileReference; lastKnownFileType = sourcecode.swift; path = NewsManager.swift; sourceTree = "<group>"; };
		564E869328B0314700F3362E /* NewsData.swift */ = {isa = PBXFileReference; lastKnownFileType = sourcecode.swift; path = NewsData.swift; sourceTree = "<group>"; };
		56FCE20328A2DDFC008866E8 /* kitchicUIKit.app */ = {isa = PBXFileReference; explicitFileType = wrapper.application; includeInIndex = 0; path = kitchicUIKit.app; sourceTree = BUILT_PRODUCTS_DIR; };
		56FCE20628A2DDFC008866E8 /* AppDelegate.swift */ = {isa = PBXFileReference; lastKnownFileType = sourcecode.swift; path = AppDelegate.swift; sourceTree = "<group>"; };
		56FCE20828A2DDFC008866E8 /* SceneDelegate.swift */ = {isa = PBXFileReference; lastKnownFileType = sourcecode.swift; path = SceneDelegate.swift; sourceTree = "<group>"; };
		56FCE20A28A2DDFC008866E8 /* ViewController.swift */ = {isa = PBXFileReference; lastKnownFileType = sourcecode.swift; path = ViewController.swift; sourceTree = "<group>"; };
		56FCE20D28A2DDFC008866E8 /* Base */ = {isa = PBXFileReference; lastKnownFileType = file.storyboard; name = Base; path = Base.lproj/Main.storyboard; sourceTree = "<group>"; };
		56FCE20F28A2DDFE008866E8 /* Assets.xcassets */ = {isa = PBXFileReference; lastKnownFileType = folder.assetcatalog; path = Assets.xcassets; sourceTree = "<group>"; };
		56FCE21228A2DDFE008866E8 /* Base */ = {isa = PBXFileReference; lastKnownFileType = file.storyboard; name = Base; path = Base.lproj/LaunchScreen.storyboard; sourceTree = "<group>"; };
		56FCE21428A2DDFE008866E8 /* Info.plist */ = {isa = PBXFileReference; lastKnownFileType = text.plist.xml; path = Info.plist; sourceTree = "<group>"; };
/* End PBXFileReference section */

/* Begin PBXFrameworksBuildPhase section */
		56FCE20028A2DDFC008866E8 /* Frameworks */ = {
			isa = PBXFrameworksBuildPhase;
			buildActionMask = 2147483647;
			files = (
			);
			runOnlyForDeploymentPostprocessing = 0;
		};
/* End PBXFrameworksBuildPhase section */

/* Begin PBXGroup section */
		564E868C28AA473600F3362E /* Model */ = {
			isa = PBXGroup;
			children = (
				564C878D28B1B6D7006D5682 /* NewsCell.swift */,
				564E868A28AA471800F3362E /* NewsManager.swift */,
				564E869328B0314700F3362E /* NewsData.swift */,
				5647482A28B1ACD600757F3C /* CellModel.swift */,
			);
			path = Model;
			sourceTree = "<group>";
		};
		564E868D28AA473E00F3362E /* View */ = {
			isa = PBXGroup;
			children = (
				56FCE20C28A2DDFC008866E8 /* Main.storyboard */,
			);
			path = View;
			sourceTree = "<group>";
		};
		564E868E28AA474600F3362E /* Controller */ = {
			isa = PBXGroup;
			children = (
				56FCE20A28A2DDFC008866E8 /* ViewController.swift */,
			);
			path = Controller;
			sourceTree = "<group>";
		};
		56FCE1FA28A2DDFC008866E8 = {
			isa = PBXGroup;
			children = (
				56FCE20528A2DDFC008866E8 /* kitchicUIKit */,
				56FCE20428A2DDFC008866E8 /* Products */,
			);
			sourceTree = "<group>";
		};
		56FCE20428A2DDFC008866E8 /* Products */ = {
			isa = PBXGroup;
			children = (
				56FCE20328A2DDFC008866E8 /* kitchicUIKit.app */,
			);
			name = Products;
			sourceTree = "<group>";
		};
		56FCE20528A2DDFC008866E8 /* kitchicUIKit */ = {
			isa = PBXGroup;
			children = (
				564E868E28AA474600F3362E /* Controller */,
				564E868D28AA473E00F3362E /* View */,
				564E868C28AA473600F3362E /* Model */,
				56FCE20628A2DDFC008866E8 /* AppDelegate.swift */,
				56FCE20828A2DDFC008866E8 /* SceneDelegate.swift */,
				56FCE20F28A2DDFE008866E8 /* Assets.xcassets */,
				56FCE21128A2DDFE008866E8 /* LaunchScreen.storyboard */,
				56FCE21428A2DDFE008866E8 /* Info.plist */,
			);
			path = kitchicUIKit;
			sourceTree = "<group>";
		};
/* End PBXGroup section */

/* Begin PBXNativeTarget section */
		56FCE20228A2DDFC008866E8 /* kitchicUIKit */ = {
			isa = PBXNativeTarget;
			buildConfigurationList = 56FCE21728A2DDFE008866E8 /* Build configuration list for PBXNativeTarget "kitchicUIKit" */;
			buildPhases = (
				56FCE1FF28A2DDFC008866E8 /* Sources */,
				56FCE20028A2DDFC008866E8 /* Frameworks */,
				56FCE20128A2DDFC008866E8 /* Resources */,
			);
			buildRules = (
			);
			dependencies = (
			);
			name = kitchicUIKit;
			productName = kitchicUIKit;
			productReference = 56FCE20328A2DDFC008866E8 /* kitchicUIKit.app */;
			productType = "com.apple.product-type.application";
		};
/* End PBXNativeTarget section */

/* Begin PBXProject section */
		56FCE1FB28A2DDFC008866E8 /* Project object */ = {
			isa = PBXProject;
			attributes = {
				BuildIndependentTargetsInParallel = 1;
				LastSwiftUpdateCheck = 1340;
				LastUpgradeCheck = 1340;
				TargetAttributes = {
					56FCE20228A2DDFC008866E8 = {
						CreatedOnToolsVersion = 13.4.1;
					};
				};
			};
			buildConfigurationList = 56FCE1FE28A2DDFC008866E8 /* Build configuration list for PBXProject "kitchicUIKit" */;
			compatibilityVersion = "Xcode 13.0";
			developmentRegion = en;
			hasScannedForEncodings = 0;
			knownRegions = (
				en,
				Base,
			);
			mainGroup = 56FCE1FA28A2DDFC008866E8;
			productRefGroup = 56FCE20428A2DDFC008866E8 /* Products */;
			projectDirPath = "";
			projectRoot = "";
			targets = (
				56FCE20228A2DDFC008866E8 /* kitchicUIKit */,
			);
		};
/* End PBXProject section */

/* Begin PBXResourcesBuildPhase section */
		56FCE20128A2DDFC008866E8 /* Resources */ = {
			isa = PBXResourcesBuildPhase;
			buildActionMask = 2147483647;
			files = (
				56FCE21328A2DDFE008866E8 /* LaunchScreen.storyboard in Resources */,
				56FCE21028A2DDFE008866E8 /* Assets.xcassets in Resources */,
				56FCE20E28A2DDFC008866E8 /* Main.storyboard in Resources */,
			);
			runOnlyForDeploymentPostprocessing = 0;
		};
/* End PBXResourcesBuildPhase section */

/* Begin PBXSourcesBuildPhase section */
		56FCE1FF28A2DDFC008866E8 /* Sources */ = {
			isa = PBXSourcesBuildPhase;
			buildActionMask = 2147483647;
			files = (
				564E868B28AA471800F3362E /* NewsManager.swift in Sources */,
				56FCE20B28A2DDFC008866E8 /* ViewController.swift in Sources */,
				56FCE20728A2DDFC008866E8 /* AppDelegate.swift in Sources */,
				564C878E28B1B6D7006D5682 /* NewsCell.swift in Sources */,
				56FCE20928A2DDFC008866E8 /* SceneDelegate.swift in Sources */,
				564E869428B0314700F3362E /* NewsData.swift in Sources */,
				5647482B28B1ACD600757F3C /* CellModel.swift in Sources */,
			);
			runOnlyForDeploymentPostprocessing = 0;
		};
/* End PBXSourcesBuildPhase section */

/* Begin PBXVariantGroup section */
		56FCE20C28A2DDFC008866E8 /* Main.storyboard */ = {
			isa = PBXVariantGroup;
			children = (
				56FCE20D28A2DDFC008866E8 /* Base */,
			);
			name = Main.storyboard;
			sourceTree = "<group>";
		};
		56FCE21128A2DDFE008866E8 /* LaunchScreen.storyboard */ = {
			isa = PBXVariantGroup;
			children = (
				56FCE21228A2DDFE008866E8 /* Base */,
			);
			name = LaunchScreen.storyboard;
			sourceTree = "<group>";
		};
/* End PBXVariantGroup section */

/* Begin XCBuildConfiguration section */
		56FCE21528A2DDFE008866E8 /* Debug */ = {
			isa = XCBuildConfiguration;
			buildSettings = {
				ALWAYS_SEARCH_USER_PATHS = NO;
				CLANG_ANALYZER_NONNULL = YES;
				CLANG_ANALYZER_NUMBER_OBJECT_CONVERSION = YES_AGGRESSIVE;
				CLANG_CXX_LANGUAGE_STANDARD = "gnu++17";
				CLANG_ENABLE_MODULES = YES;
				CLANG_ENABLE_OBJC_ARC = YES;
				CLANG_ENABLE_OBJC_WEAK = YES;
				CLANG_WARN_BLOCK_CAPTURE_AUTORELEASING = YES;
				CLANG_WARN_BOOL_CONVERSION = YES;
				CLANG_WARN_COMMA = YES;
				CLANG_WARN_CONSTANT_CONVERSION = YES;
				CLANG_WARN_DEPRECATED_OBJC_IMPLEMENTATIONS = YES;
				CLANG_WARN_DIRECT_OBJC_ISA_USAGE = YES_ERROR;
				CLANG_WARN_DOCUMENTATION_COMMENTS = YES;
				CLANG_WARN_EMPTY_BODY = YES;
				CLANG_WARN_ENUM_CONVERSION = YES;
				CLANG_WARN_INFINITE_RECURSION = YES;
				CLANG_WARN_INT_CONVERSION = YES;
				CLANG_WARN_NON_LITERAL_NULL_CONVERSION = YES;
				CLANG_WARN_OBJC_IMPLICIT_RETAIN_SELF = YES;
				CLANG_WARN_OBJC_LITERAL_CONVERSION = YES;
				CLANG_WARN_OBJC_ROOT_CLASS = YES_ERROR;
				CLANG_WARN_QUOTED_INCLUDE_IN_FRAMEWORK_HEADER = YES;
				CLANG_WARN_RANGE_LOOP_ANALYSIS = YES;
				CLANG_WARN_STRICT_PROTOTYPES = YES;
				CLANG_WARN_SUSPICIOUS_MOVE = YES;
				CLANG_WARN_UNGUARDED_AVAILABILITY = YES_AGGRESSIVE;
				CLANG_WARN_UNREACHABLE_CODE = YES;
				CLANG_WARN__DUPLICATE_METHOD_MATCH = YES;
				COPY_PHASE_STRIP = NO;
				DEBUG_INFORMATION_FORMAT = dwarf;
				ENABLE_STRICT_OBJC_MSGSEND = YES;
				ENABLE_TESTABILITY = YES;
				GCC_C_LANGUAGE_STANDARD = gnu11;
				GCC_DYNAMIC_NO_PIC = NO;
				GCC_NO_COMMON_BLOCKS = YES;
				GCC_OPTIMIZATION_LEVEL = 0;
				GCC_PREPROCESSOR_DEFINITIONS = (
					"DEBUG=1",
					"$(inherited)",
				);
				GCC_WARN_64_TO_32_BIT_CONVERSION = YES;
				GCC_WARN_ABOUT_RETURN_TYPE = YES_ERROR;
				GCC_WARN_UNDECLARED_SELECTOR = YES;
				GCC_WARN_UNINITIALIZED_AUTOS = YES_AGGRESSIVE;
				GCC_WARN_UNUSED_FUNCTION = YES;
				GCC_WARN_UNUSED_VARIABLE = YES;
				IPHONEOS_DEPLOYMENT_TARGET = 13.0;
				MTL_ENABLE_DEBUG_INFO = INCLUDE_SOURCE;
				MTL_FAST_MATH = YES;
				ONLY_ACTIVE_ARCH = YES;
				SDKROOT = iphoneos;
				SWIFT_ACTIVE_COMPILATION_CONDITIONS = DEBUG;
				SWIFT_OPTIMIZATION_LEVEL = "-Onone";
			};
			name = Debug;
		};
		56FCE21628A2DDFE008866E8 /* Release */ = {
			isa = XCBuildConfiguration;
			buildSettings = {
				ALWAYS_SEARCH_USER_PATHS = NO;
				CLANG_ANALYZER_NONNULL = YES;
				CLANG_ANALYZER_NUMBER_OBJECT_CONVERSION = YES_AGGRESSIVE;
				CLANG_CXX_LANGUAGE_STANDARD = "gnu++17";
				CLANG_ENABLE_MODULES = YES;
				CLANG_ENABLE_OBJC_ARC = YES;
				CLANG_ENABLE_OBJC_WEAK = YES;
				CLANG_WARN_BLOCK_CAPTURE_AUTORELEASING = YES;
				CLANG_WARN_BOOL_CONVERSION = YES;
				CLANG_WARN_COMMA = YES;
				CLANG_WARN_CONSTANT_CONVERSION = YES;
				CLANG_WARN_DEPRECATED_OBJC_IMPLEMENTATIONS = YES;
				CLANG_WARN_DIRECT_OBJC_ISA_USAGE = YES_ERROR;
				CLANG_WARN_DOCUMENTATION_COMMENTS = YES;
				CLANG_WARN_EMPTY_BODY = YES;
				CLANG_WARN_ENUM_CONVERSION = YES;
				CLANG_WARN_INFINITE_RECURSION = YES;
				CLANG_WARN_INT_CONVERSION = YES;
				CLANG_WARN_NON_LITERAL_NULL_CONVERSION = YES;
				CLANG_WARN_OBJC_IMPLICIT_RETAIN_SELF = YES;
				CLANG_WARN_OBJC_LITERAL_CONVERSION = YES;
				CLANG_WARN_OBJC_ROOT_CLASS = YES_ERROR;
				CLANG_WARN_QUOTED_INCLUDE_IN_FRAMEWORK_HEADER = YES;
				CLANG_WARN_RANGE_LOOP_ANALYSIS = YES;
				CLANG_WARN_STRICT_PROTOTYPES = YES;
				CLANG_WARN_SUSPICIOUS_MOVE = YES;
				CLANG_WARN_UNGUARDED_AVAILABILITY = YES_AGGRESSIVE;
				CLANG_WARN_UNREACHABLE_CODE = YES;
				CLANG_WARN__DUPLICATE_METHOD_MATCH = YES;
				COPY_PHASE_STRIP = NO;
				DEBUG_INFORMATION_FORMAT = "dwarf-with-dsym";
				ENABLE_NS_ASSERTIONS = NO;
				ENABLE_STRICT_OBJC_MSGSEND = YES;
				GCC_C_LANGUAGE_STANDARD = gnu11;
				GCC_NO_COMMON_BLOCKS = YES;
				GCC_WARN_64_TO_32_BIT_CONVERSION = YES;
				GCC_WARN_ABOUT_RETURN_TYPE = YES_ERROR;
				GCC_WARN_UNDECLARED_SELECTOR = YES;
				GCC_WARN_UNINITIALIZED_AUTOS = YES_AGGRESSIVE;
				GCC_WARN_UNUSED_FUNCTION = YES;
				GCC_WARN_UNUSED_VARIABLE = YES;
				IPHONEOS_DEPLOYMENT_TARGET = 13.0;
				MTL_ENABLE_DEBUG_INFO = NO;
				MTL_FAST_MATH = YES;
				SDKROOT = iphoneos;
				SWIFT_COMPILATION_MODE = wholemodule;
				SWIFT_OPTIMIZATION_LEVEL = "-O";
				VALIDATE_PRODUCT = YES;
			};
			name = Release;
		};
		56FCE21828A2DDFE008866E8 /* Debug */ = {
			isa = XCBuildConfiguration;
			buildSettings = {
				ASSETCATALOG_COMPILER_APPICON_NAME = AppIcon;
				ASSETCATALOG_COMPILER_GLOBAL_ACCENT_COLOR_NAME = AccentColor;
				CODE_SIGN_STYLE = Automatic;
				CURRENT_PROJECT_VERSION = 1;
				DEVELOPMENT_TEAM = 3TFZ52QYHN;
				GENERATE_INFOPLIST_FILE = YES;
				INFOPLIST_FILE = kitchicUIKit/Info.plist;
				INFOPLIST_KEY_CFBundleDisplayName = trackit;
				INFOPLIST_KEY_UIApplicationSupportsIndirectInputEvents = YES;
				INFOPLIST_KEY_UILaunchStoryboardName = LaunchScreen;
				INFOPLIST_KEY_UIMainStoryboardFile = Main;
				INFOPLIST_KEY_UISupportedInterfaceOrientations = UIInterfaceOrientationPortrait;
				INFOPLIST_KEY_UISupportedInterfaceOrientations_iPad = "UIInterfaceOrientationPortrait UIInterfaceOrientationPortraitUpsideDown UIInterfaceOrientationLandscapeLeft UIInterfaceOrientationLandscapeRight";
				INFOPLIST_KEY_UISupportedInterfaceOrientations_iPhone = "UIInterfaceOrientationPortrait UIInterfaceOrientationLandscapeLeft UIInterfaceOrientationLandscapeRight";
				LD_RUNPATH_SEARCH_PATHS = (
					"$(inherited)",
					"@executable_path/Frameworks",
				);
				MARKETING_VERSION = 1.0;
				PRODUCT_BUNDLE_IDENTIFIER = mariann.trackit;
				PRODUCT_NAME = "$(TARGET_NAME)";
				SWIFT_EMIT_LOC_STRINGS = YES;
				SWIFT_VERSION = 5.0;
				TARGETED_DEVICE_FAMILY = 1;
			};
			name = Debug;
		};
		56FCE21928A2DDFE008866E8 /* Release */ = {
			isa = XCBuildConfiguration;
			buildSettings = {
				ASSETCATALOG_COMPILER_APPICON_NAME = AppIcon;
				ASSETCATALOG_COMPILER_GLOBAL_ACCENT_COLOR_NAME = AccentColor;
				CODE_SIGN_STYLE = Automatic;
				CURRENT_PROJECT_VERSION = 1;
				DEVELOPMENT_TEAM = 3TFZ52QYHN;
				GENERATE_INFOPLIST_FILE = YES;
				INFOPLIST_FILE = kitchicUIKit/Info.plist;
				INFOPLIST_KEY_CFBundleDisplayName = trackit;
				INFOPLIST_KEY_UIApplicationSupportsIndirectInputEvents = YES;
				INFOPLIST_KEY_UILaunchStoryboardName = LaunchScreen;
				INFOPLIST_KEY_UIMainStoryboardFile = Main;
				INFOPLIST_KEY_UISupportedInterfaceOrientations = UIInterfaceOrientationPortrait;
				INFOPLIST_KEY_UISupportedInterfaceOrientations_iPad = "UIInterfaceOrientationPortrait UIInterfaceOrientationPortraitUpsideDown UIInterfaceOrientationLandscapeLeft UIInterfaceOrientationLandscapeRight";
				INFOPLIST_KEY_UISupportedInterfaceOrientations_iPhone = "UIInterfaceOrientationPortrait UIInterfaceOrientationLandscapeLeft UIInterfaceOrientationLandscapeRight";
				LD_RUNPATH_SEARCH_PATHS = (
					"$(inherited)",
					"@executable_path/Frameworks",
				);
				MARKETING_VERSION = 1.0;
				PRODUCT_BUNDLE_IDENTIFIER = mariann.trackit;
				PRODUCT_NAME = "$(TARGET_NAME)";
				SWIFT_EMIT_LOC_STRINGS = YES;
				SWIFT_VERSION = 5.0;
				TARGETED_DEVICE_FAMILY = 1;
			};
			name = Release;
		};
/* End XCBuildConfiguration section */

/* Begin XCConfigurationList section */
		56FCE1FE28A2DDFC008866E8 /* Build configuration list for PBXProject "kitchicUIKit" */ = {
			isa = XCConfigurationList;
			buildConfigurations = (
				56FCE21528A2DDFE008866E8 /* Debug */,
				56FCE21628A2DDFE008866E8 /* Release */,
			);
			defaultConfigurationIsVisible = 0;
			defaultConfigurationName = Release;
		};
		56FCE21728A2DDFE008866E8 /* Build configuration list for PBXNativeTarget "kitchicUIKit" */ = {
			isa = XCConfigurationList;
			buildConfigurations = (
				56FCE21828A2DDFE008866E8 /* Debug */,
				56FCE21928A2DDFE008866E8 /* Release */,
			);
			defaultConfigurationIsVisible = 0;
			defaultConfigurationName = Release;
		};
/* End XCConfigurationList section */
	};
	rootObject = 56FCE1FB28A2DDFC008866E8 /* Project object */;
}
